
Microsoft Visual Studio Solution File, Format Version 12.00
# Visual Studio Version 17
VisualStudioVersion = 17.11.35312.102
MinimumVisualStudioVersion = 10.0.40219.1
Project("{FAE04EC0-301F-11D3-BF4B-00C04F79EFBC}") = "Server", "Weather\Server.csproj", "{928C473C-BF51-4F8C-8760-1D0B579BD214}"
EndProject
Project("{FAE04EC0-301F-11D3-BF4B-00C04F79EFBC}") = "Client", "Client\Client.csproj", "{6E956B86-2695-434B-9A84-AE3DD2F463B1}"
EndProject
Global
	GlobalSection(SolutionConfigurationPlatforms) = preSolution
		Debug|Any CPU = Debug|Any CPU
		Release|Any CPU = Release|Any CPU
	EndGlobalSection
	GlobalSection(ProjectConfigurationPlatforms) = postSolution
		{928C473C-BF51-4F8C-8760-1D0B579BD214}.Debug|Any CPU.ActiveCfg = Debug|Any CPU
		{928C473C-BF51-4F8C-8760-1D0B579BD214}.Debug|Any CPU.Build.0 = Debug|Any CPU
		{928C473C-BF51-4F8C-8760-1D0B579BD214}.Release|Any CPU.ActiveCfg = Release|Any CPU
		{928C473C-BF51-4F8C-8760-1D0B579BD214}.Release|Any CPU.Build.0 = Release|Any CPU
		{6E956B86-2695-434B-9A84-AE3DD2F463B1}.Debug|Any CPU.ActiveCfg = Debug|Any CPU
		{6E956B86-2695-434B-9A84-AE3DD2F463B1}.Debug|Any CPU.Build.0 = Debug|Any CPU
		{6E956B86-2695-434B-9A84-AE3DD2F463B1}.Release|Any CPU.ActiveCfg = Release|Any CPU
		{6E956B86-2695-434B-9A84-AE3DD2F463B1}.Release|Any CPU.Build.0 = Release|Any CPU
	EndGlobalSection
	GlobalSection(SolutionProperties) = preSolution
		HideSolutionNode = FALSE
	EndGlobalSection
	GlobalSection(ExtensibilityGlobals) = postSolution
		SolutionGuid = {9E7CFEB3-F89F-47D6-B1EC-DCABFEA797FC}
	EndGlobalSection
EndGlobal
